{
  "name": "angular2-jsonapi",
  "version": "8.2.1",
  "lockfileVersion": 1,
  "requires": true,
  "dependencies": {
    "date-fns": {
      "version": "2.2.1",
      "resolved": "https://registry.npmjs.org/date-fns/-/date-fns-2.2.1.tgz",
      "integrity": "sha512-4V1i5CnTinjBvJpXTq7sDHD4NY6JPcl15112IeSNNLUWQOQ+kIuCvRGOFZMQZNvkadw8F9QTyZxz59rIRU6K+w=="
    },
    "lodash-es": {
      "version": "4.17.15",
      "resolved": "https://registry.npmjs.org/lodash-es/-/lodash-es-4.17.15.tgz",
      "integrity": "sha512-rlrc3yU3+JNOpZ9zj5pQtxnx2THmvRykwL4Xlxoa8I9lHBlVbbyPhgyPMioxVZ4NqyxaVVtaJnzsyOidQIhyyQ=="
    },
    "qs": {
      "version": "6.8.0",
      "resolved": "https://registry.npmjs.org/qs/-/qs-6.8.0.tgz",
      "integrity": "sha512-tPSkj8y92PfZVbinY1n84i1Qdx75lZjMQYx9WZhnkofyxzw2r7Ho39G3/aEvSUdebxpnnM4LZJCtvE/Aq3+s9w=="
    },
    "tslib": {
      "version": "1.10.0",
      "resolved": "https://registry.npmjs.org/tslib/-/tslib-1.10.0.tgz",
      "integrity": "sha512-qOebF53frne81cf0S9B41ByenJ3/IuH8yJKngAX35CmiZySA0khhkovshKK+jGCaMnVomla7gVlIcc3EvKPbTQ=="
    }
  }
}
